// !$*UTF8*$!
{
	archiveVersion = 1;
	classes = {
	};
	objectVersion = 46;
	objects = {

/* Begin PBXBuildFile section */
		B5F837591DB629B500E8DB72 /* main.m in Sources */ = {isa = PBXBuildFile; fileRef = B5F837581DB629B500E8DB72 /* main.m */; };
		B5F8375C1DB629B500E8DB72 /* AppDelegate.m in Sources */ = {isa = PBXBuildFile; fileRef = B5F8375B1DB629B500E8DB72 /* AppDelegate.m */; };
		B5F8375F1DB629B500E8DB72 /* ViewController.m in Sources */ = {isa = PBXBuildFile; fileRef = B5F8375E1DB629B500E8DB72 /* ViewController.m */; };
		B5F837621DB629B500E8DB72 /* Main.storyboard in Resources */ = {isa = PBXBuildFile; fileRef = B5F837601DB629B500E8DB72 /* Main.storyboard */; };
		B5F837651DB629B500E8DB72 /* iPad__demo.xcdatamodeld in Sources */ = {isa = PBXBuildFile; fileRef = B5F837631DB629B500E8DB72 /* iPad__demo.xcdatamodeld */; };
		B5F837671DB629B500E8DB72 /* Assets.xcassets in Resources */ = {isa = PBXBuildFile; fileRef = B5F837661DB629B500E8DB72 /* Assets.xcassets */; };
		B5F8376A1DB629B500E8DB72 /* LaunchScreen.storyboard in Resources */ = {isa = PBXBuildFile; fileRef = B5F837681DB629B500E8DB72 /* LaunchScreen.storyboard */; };
		B5F837751DB629B500E8DB72 /* iPad__demoTests.m in Sources */ = {isa = PBXBuildFile; fileRef = B5F837741DB629B500E8DB72 /* iPad__demoTests.m */; };
		B5F837801DB629B500E8DB72 /* iPad__demoUITests.m in Sources */ = {isa = PBXBuildFile; fileRef = B5F8377F1DB629B500E8DB72 /* iPad__demoUITests.m */; };
/* End PBXBuildFile section */

/* Begin PBXContainerItemProxy section */
		B5F837711DB629B500E8DB72 /* PBXContainerItemProxy */ = {
			isa = PBXContainerItemProxy;
			containerPortal = B5F8374C1DB629B400E8DB72 /* Project object */;
			proxyType = 1;
			remoteGlobalIDString = B5F837531DB629B400E8DB72;
			remoteInfo = "iPad点餐demo";
		};
		B5F8377C1DB629B500E8DB72 /* PBXContainerItemProxy */ = {
			isa = PBXContainerItemProxy;
			containerPortal = B5F8374C1DB629B400E8DB72 /* Project object */;
			proxyType = 1;
			remoteGlobalIDString = B5F837531DB629B400E8DB72;
			remoteInfo = "iPad点餐demo";
		};
/* End PBXContainerItemProxy section */

/* Begin PBXFileReference section */
		B5F837541DB629B400E8DB72 /* iPad点餐demo.app */ = {isa = PBXFileReference; explicitFileType = wrapper.application; includeInIndex = 0; path = "iPad点餐demo.app"; sourceTree = BUILT_PRODUCTS_DIR; };
		B5F837581DB629B500E8DB72 /* main.m */ = {isa = PBXFileReference; lastKnownFileType = sourcecode.c.objc; path = main.m; sourceTree = "<group>"; };
		B5F8375A1DB629B500E8DB72 /* AppDelegate.h */ = {isa = PBXFileReference; lastKnownFileType = sourcecode.c.h; path = AppDelegate.h; sourceTree = "<group>"; };
		B5F8375B1DB629B500E8DB72 /* AppDelegate.m */ = {isa = PBXFileReference; lastKnownFileType = sourcecode.c.objc; path = AppDelegate.m; sourceTree = "<group>"; };
		B5F8375D1DB629B500E8DB72 /* ViewController.h */ = {isa = PBXFileReference; lastKnownFileType = sourcecode.c.h; path = ViewController.h; sourceTree = "<group>"; };
		B5F8375E1DB629B500E8DB72 /* ViewController.m */ = {isa = PBXFileReference; lastKnownFileType = sourcecode.c.objc; path = ViewController.m; sourceTree = "<group>"; };
		B5F837611DB629B500E8DB72 /* Base */ = {isa = PBXFileReference; lastKnownFileType = file.storyboard; name = Base; path = Base.lproj/Main.storyboard; sourceTree = "<group>"; };
		B5F837641DB629B500E8DB72 /* iPad__demo.xcdatamodel */ = {isa = PBXFileReference; lastKnownFileType = wrapper.xcdatamodel; path = iPad__demo.xcdatamodel; sourceTree = "<group>"; };
		B5F837661DB629B500E8DB72 /* Assets.xcassets */ = {isa = PBXFileReference; lastKnownFileType = folder.assetcatalog; path = Assets.xcassets; sourceTree = "<group>"; };
		B5F837691DB629B500E8DB72 /* Base */ = {isa = PBXFileReference; lastKnownFileType = file.storyboard; name = Base; path = Base.lproj/LaunchScreen.storyboard; sourceTree = "<group>"; };
		B5F8376B1DB629B500E8DB72 /* Info.plist */ = {isa = PBXFileReference; lastKnownFileType = text.plist.xml; path = Info.plist; sourceTree = "<group>"; };
		B5F837701DB629B500E8DB72 /* iPad点餐demoTests.xctest */ = {isa = PBXFileReference; explicitFileType = wrapper.cfbundle; includeInIndex = 0; path = "iPad点餐demoTests.xctest"; sourceTree = BUILT_PRODUCTS_DIR; };
		B5F837741DB629B500E8DB72 /* iPad__demoTests.m */ = {isa = PBXFileReference; lastKnownFileType = sourcecode.c.objc; path = iPad__demoTests.m; sourceTree = "<group>"; };
		B5F837761DB629B500E8DB72 /* Info.plist */ = {isa = PBXFileReference; lastKnownFileType = text.plist.xml; path = Info.plist; sourceTree = "<group>"; };
		B5F8377B1DB629B500E8DB72 /* iPad点餐demoUITests.xctest */ = {isa = PBXFileReference; explicitFileType = wrapper.cfbundle; includeInIndex = 0; path = "iPad点餐demoUITests.xctest"; sourceTree = BUILT_PRODUCTS_DIR; };
		B5F8377F1DB629B500E8DB72 /* iPad__demoUITests.m */ = {isa = PBXFileReference; lastKnownFileType = sourcecode.c.objc; path = iPad__demoUITests.m; sourceTree = "<group>"; };
		B5F837811DB629B600E8DB72 /* Info.plist */ = {isa = PBXFileReference; lastKnownFileType = text.plist.xml; path = Info.plist; sourceTree = "<group>"; };
/* End PBXFileReference section */

/* Begin PBXFrameworksBuildPhase section */
		B5F837511DB629B400E8DB72 /* Frameworks */ = {
			isa = PBXFrameworksBuildPhase;
			buildActionMask = 2147483647;
			files = (
			);
			runOnlyForDeploymentPostprocessing = 0;
		};
		B5F8376D1DB629B500E8DB72 /* Frameworks */ = {
			isa = PBXFrameworksBuildPhase;
			buildActionMask = 2147483647;
			files = (
			);
			runOnlyForDeploymentPostprocessing = 0;
		};
		B5F837781DB629B500E8DB72 /* Frameworks */ = {
			isa = PBXFrameworksBuildPhase;
			buildActionMask = 2147483647;
			files = (
			);
			runOnlyForDeploymentPostprocessing = 0;
		};
/* End PBXFrameworksBuildPhase section */

/* Begin PBXGroup section */
		B5F8374B1DB629B400E8DB72 = {
			isa = PBXGroup;
			children = (
				B5F837561DB629B500E8DB72 /* iPad点餐demo */,
				B5F837731DB629B500E8DB72 /* iPad点餐demoTests */,
				B5F8377E1DB629B500E8DB72 /* iPad点餐demoUITests */,
				B5F837551DB629B400E8DB72 /* Products */,
			);
			sourceTree = "<group>";
		};
		B5F837551DB629B400E8DB72 /* Products */ = {
			isa = PBXGroup;
			children = (
				B5F837541DB629B400E8DB72 /* iPad点餐demo.app */,
				B5F837701DB629B500E8DB72 /* iPad点餐demoTests.xctest */,
				B5F8377B1DB629B500E8DB72 /* iPad点餐demoUITests.xctest */,
			);
			name = Products;
			sourceTree = "<group>";
		};
		B5F837561DB629B500E8DB72 /* iPad点餐demo */ = {
			isa = PBXGroup;
			children = (
				B5F8375A1DB629B500E8DB72 /* AppDelegate.h */,
				B5F8375B1DB629B500E8DB72 /* AppDelegate.m */,
				B5F8375D1DB629B500E8DB72 /* ViewController.h */,
				B5F8375E1DB629B500E8DB72 /* ViewController.m */,
				B5F837601DB629B500E8DB72 /* Main.storyboard */,
				B5F837661DB629B500E8DB72 /* Assets.xcassets */,
				B5F837681DB629B500E8DB72 /* LaunchScreen.storyboard */,
				B5F8376B1DB629B500E8DB72 /* Info.plist */,
				B5F837631DB629B500E8DB72 /* iPad__demo.xcdatamodeld */,
				B5F837571DB629B500E8DB72 /* Supporting Files */,
			);
			path = "iPad点餐demo";
			sourceTree = "<group>";
		};
		B5F837571DB629B500E8DB72 /* Supporting Files */ = {
			isa = PBXGroup;
			children = (
				B5F837581DB629B500E8DB72 /* main.m */,
			);
			name = "Supporting Files";
			sourceTree = "<group>";
		};
		B5F837731DB629B500E8DB72 /* iPad点餐demoTests */ = {
			isa = PBXGroup;
			children = (
				B5F837741DB629B500E8DB72 /* iPad__demoTests.m */,
				B5F837761DB629B500E8DB72 /* Info.plist */,
			);
			path = "iPad点餐demoTests";
			sourceTree = "<group>";
		};
		B5F8377E1DB629B500E8DB72 /* iPad点餐demoUITests */ = {
			isa = PBXGroup;
			children = (
				B5F8377F1DB629B500E8DB72 /* iPad__demoUITests.m */,
				B5F837811DB629B600E8DB72 /* Info.plist */,
			);
			path = "iPad点餐demoUITests";
			sourceTree = "<group>";
		};
/* End PBXGroup section */

/* Begin PBXNativeTarget section */
		B5F837531DB629B400E8DB72 /* iPad点餐demo */ = {
			isa = PBXNativeTarget;
			buildConfigurationList = B5F837841DB629B600E8DB72 /* Build configuration list for PBXNativeTarget "iPad点餐demo" */;
			buildPhases = (
				B5F837501DB629B400E8DB72 /* Sources */,
				B5F837511DB629B400E8DB72 /* Frameworks */,
				B5F837521DB629B400E8DB72 /* Resources */,
			);
			buildRules = (
			);
			dependencies = (
			);
			name = "iPad点餐demo";
			productName = "iPad点餐demo";
			productReference = B5F837541DB629B400E8DB72 /* iPad点餐demo.app */;
			productType = "com.apple.product-type.application";
		};
		B5F8376F1DB629B500E8DB72 /* iPad点餐demoTests */ = {
			isa = PBXNativeTarget;
			buildConfigurationList = B5F837871DB629B600E8DB72 /* Build configuration list for PBXNativeTarget "iPad点餐demoTests" */;
			buildPhases = (
				B5F8376C1DB629B500E8DB72 /* Sources */,
				B5F8376D1DB629B500E8DB72 /* Frameworks */,
				B5F8376E1DB629B500E8DB72 /* Resources */,
			);
			buildRules = (
			);
			dependencies = (
				B5F837721DB629B500E8DB72 /* PBXTargetDependency */,
			);
			name = "iPad点餐demoTests";
			productName = "iPad点餐demoTests";
			productReference = B5F837701DB629B500E8DB72 /* iPad点餐demoTests.xctest */;
			productType = "com.apple.product-type.bundle.unit-test";
		};
		B5F8377A1DB629B500E8DB72 /* iPad点餐demoUITests */ = {
			isa = PBXNativeTarget;
			buildConfigurationList = B5F8378A1DB629B600E8DB72 /* Build configuration list for PBXNativeTarget "iPad点餐demoUITests" */;
			buildPhases = (
				B5F837771DB629B500E8DB72 /* Sources */,
				B5F837781DB629B500E8DB72 /* Frameworks */,
				B5F837791DB629B500E8DB72 /* Resources */,
			);
			buildRules = (
			);
			dependencies = (
				B5F8377D1DB629B500E8DB72 /* PBXTargetDependency */,
			);
			name = "iPad点餐demoUITests";
			productName = "iPad点餐demoUITests";
			productReference = B5F8377B1DB629B500E8DB72 /* iPad点餐demoUITests.xctest */;
			productType = "com.apple.product-type.bundle.ui-testing";
		};
/* End PBXNativeTarget section */

/* Begin PBXProject section */
		B5F8374C1DB629B400E8DB72 /* Project object */ = {
			isa = PBXProject;
			attributes = {
				LastUpgradeCheck = 0730;
				ORGANIZATIONNAME = Gooou;
				TargetAttributes = {
					B5F837531DB629B400E8DB72 = {
						CreatedOnToolsVersion = 7.3.1;
					};
					B5F8376F1DB629B500E8DB72 = {
						CreatedOnToolsVersion = 7.3.1;
						TestTargetID = B5F837531DB629B400E8DB72;
					};
					B5F8377A1DB629B500E8DB72 = {
						CreatedOnToolsVersion = 7.3.1;
						TestTargetID = B5F837531DB629B400E8DB72;
					};
				};
			};
			buildConfigurationList = B5F8374F1DB629B400E8DB72 /* Build configuration list for PBXProject "iPad点餐demo" */;
			compatibilityVersion = "Xcode 3.2";
			developmentRegion = English;
			hasScannedForEncodings = 0;
			knownRegions = (
				en,
				Base,
			);
			mainGroup = B5F8374B1DB629B400E8DB72;
			productRefGroup = B5F837551DB629B400E8DB72 /* Products */;
			projectDirPath = "";
			projectRoot = "";
			targets = (
				B5F837531DB629B400E8DB72 /* iPad点餐demo */,
				B5F8376F1DB629B500E8DB72 /* iPad点餐demoTests */,
				B5F8377A1DB629B500E8DB72 /* iPad点餐demoUITests */,
			);
		};
/* End PBXProject section */

/* Begin PBXResourcesBuildPhase section */
		B5F837521DB629B400E8DB72 /* Resources */ = {
			isa = PBXResourcesBuildPhase;
			buildActionMask = 2147483647;
			files = (
				B5F8376A1DB629B500E8DB72 /* LaunchScreen.storyboard in Resources */,
				B5F837671DB629B500E8DB72 /* Assets.xcassets in Resources */,
				B5F837621DB629B500E8DB72 /* Main.storyboard in Resources */,
			);
			runOnlyForDeploymentPostprocessing = 0;
		};
		B5F8376E1DB629B500E8DB72 /* Resources */ = {
			isa = PBXResourcesBuildPhase;
			buildActionMask = 2147483647;
			files = (
			);
			runOnlyForDeploymentPostprocessing = 0;
		};
		B5F837791DB629B500E8DB72 /* Resources */ = {
			isa = PBXResourcesBuildPhase;
			buildActionMask = 2147483647;
			files = (
			);
			runOnlyForDeploymentPostprocessing = 0;
		};
/* End PBXResourcesBuildPhase section */

/* Begin PBXSourcesBuildPhase section */
		B5F837501DB629B400E8DB72 /* Sources */ = {
			isa = PBXSourcesBuildPhase;
			buildActionMask = 2147483647;
			files = (
				B5F837651DB629B500E8DB72 /* iPad__demo.xcdatamodeld in Sources */,
				B5F8375F1DB629B500E8DB72 /* ViewController.m in Sources */,
				B5F8375C1DB629B500E8DB72 /* AppDelegate.m in Sources */,
				B5F837591DB629B500E8DB72 /* main.m in Sources */,
			);
			runOnlyForDeploymentPostprocessing = 0;
		};
		B5F8376C1DB629B500E8DB72 /* Sources */ = {
			isa = PBXSourcesBuildPhase;
			buildActionMask = 2147483647;
			files = (
				B5F837751DB629B500E8DB72 /* iPad__demoTests.m in Sources */,
			);
			runOnlyForDeploymentPostprocessing = 0;
		};
		B5F837771DB629B500E8DB72 /* Sources */ = {
			isa = PBXSourcesBuildPhase;
			buildActionMask = 2147483647;
			files = (
				B5F837801DB629B500E8DB72 /* iPad__demoUITests.m in Sources */,
			);
			runOnlyForDeploymentPostprocessing = 0;
		};
/* End PBXSourcesBuildPhase section */

/* Begin PBXTargetDependency section */
		B5F837721DB629B500E8DB72 /* PBXTargetDependency */ = {
			isa = PBXTargetDependency;
			target = B5F837531DB629B400E8DB72 /* iPad点餐demo */;
			targetProxy = B5F837711DB629B500E8DB72 /* PBXContainerItemProxy */;
		};
		B5F8377D1DB629B500E8DB72 /* PBXTargetDependency */ = {
			isa = PBXTargetDependency;
			target = B5F837531DB629B400E8DB72 /* iPad点餐demo */;
			targetProxy = B5F8377C1DB629B500E8DB72 /* PBXContainerItemProxy */;
		};
/* End PBXTargetDependency section */

/* Begin PBXVariantGroup section */
		B5F837601DB629B500E8DB72 /* Main.storyboard */ = {
			isa = PBXVariantGroup;
			children = (
				B5F837611DB629B500E8DB72 /* Base */,
			);
			name = Main.storyboard;
			sourceTree = "<group>";
		};
		B5F837681DB629B500E8DB72 /* LaunchScreen.storyboard */ = {
			isa = PBXVariantGroup;
			children = (
				B5F837691DB629B500E8DB72 /* Base */,
			);
			name = LaunchScreen.storyboard;
			sourceTree = "<group>";
		};
/* End PBXVariantGroup section */

/* Begin XCBuildConfiguration section */
		B5F837821DB629B600E8DB72 /* Debug */ = {
			isa = XCBuildConfiguration;
			buildSettings = {
				ALWAYS_SEARCH_USER_PATHS = NO;
				CLANG_ANALYZER_NONNULL = YES;
				CLANG_CXX_LANGUAGE_STANDARD = "gnu++0x";
				CLANG_CXX_LIBRARY = "libc++";
				CLANG_ENABLE_MODULES = YES;
				CLANG_ENABLE_OBJC_ARC = YES;
				CLANG_WARN_BOOL_CONVERSION = YES;
				CLANG_WARN_CONSTANT_CONVERSION = YES;
				CLANG_WARN_DIRECT_OBJC_ISA_USAGE = YES_ERROR;
				CLANG_WARN_EMPTY_BODY = YES;
				CLANG_WARN_ENUM_CONVERSION = YES;
				CLANG_WARN_INT_CONVERSION = YES;
				CLANG_WARN_OBJC_ROOT_CLASS = YES_ERROR;
				CLANG_WARN_UNREACHABLE_CODE = YES;
				CLANG_WARN__DUPLICATE_METHOD_MATCH = YES;
				"CODE_SIGN_IDENTITY[sdk=iphoneos*]" = "iPhone Developer";
				COPY_PHASE_STRIP = NO;
				DEBUG_INFORMATION_FORMAT = dwarf;
				ENABLE_STRICT_OBJC_MSGSEND = YES;
				ENABLE_TESTABILITY = YES;
				GCC_C_LANGUAGE_STANDARD = gnu99;
				GCC_DYNAMIC_NO_PIC = NO;
				GCC_NO_COMMON_BLOCKS = YES;
				GCC_OPTIMIZATION_LEVEL = 0;
				GCC_PREPROCESSOR_DEFINITIONS = (
					"DEBUG=1",
					"$(inherited)",
				);
				GCC_WARN_64_TO_32_BIT_CONVERSION = YES;
				GCC_WARN_ABOUT_RETURN_TYPE = YES_ERROR;
				GCC_WARN_UNDECLARED_SELECTOR = YES;
				GCC_WARN_UNINITIALIZED_AUTOS = YES_AGGRESSIVE;
				GCC_WARN_UNUSED_FUNCTION = YES;
				GCC_WARN_UNUSED_VARIABLE = YES;
				IPHONEOS_DEPLOYMENT_TARGET = 9.3;
				MTL_ENABLE_DEBUG_INFO = YES;
				ONLY_ACTIVE_ARCH = YES;
				SDKROOT = iphoneos;
				TARGETED_DEVICE_FAMILY = 2;
			};
			name = Debug;
		};
		B5F837831DB629B600E8DB72 /* Release */ = {
			isa = XCBuildConfiguration;
			buildSettings = {
				ALWAYS_SEARCH_USER_PATHS = NO;
				CLANG_ANALYZER_NONNULL = YES;
				CLANG_CXX_LANGUAGE_STANDARD = "gnu++0x";
				CLANG_CXX_LIBRARY = "libc++";
				CLANG_ENABLE_MODULES = YES;
				CLANG_ENABLE_OBJC_ARC = YES;
				CLANG_WARN_BOOL_CONVERSION = YES;
				CLANG_WARN_CONSTANT_CONVERSION = YES;
				CLANG_WARN_DIRECT_OBJC_ISA_USAGE = YES_ERROR;
				CLANG_WARN_EMPTY_BODY = YES;
				CLANG_WARN_ENUM_CONVERSION = YES;
				CLANG_WARN_INT_CONVERSION = YES;
				CLANG_WARN_OBJC_ROOT_CLASS = YES_ERROR;
				CLANG_WARN_UNREACHABLE_CODE = YES;
				CLANG_WARN__DUPLICATE_METHOD_MATCH = YES;
				"CODE_SIGN_IDENTITY[sdk=iphoneos*]" = "iPhone Developer";
				COPY_PHASE_STRIP = NO;
				DEBUG_INFORMATION_FORMAT = "dwarf-with-dsym";
				ENABLE_NS_ASSERTIONS = NO;
				ENABLE_STRICT_OBJC_MSGSEND = YES;
				GCC_C_LANGUAGE_STANDARD = gnu99;
				GCC_NO_COMMON_BLOCKS = YES;
				GCC_WARN_64_TO_32_BIT_CONVERSION = YES;
				GCC_WARN_ABOUT_RETURN_TYPE = YES_ERROR;
				GCC_WARN_UNDECLARED_SELECTOR = YES;
				GCC_WARN_UNINITIALIZED_AUTOS = YES_AGGRESSIVE;
				GCC_WARN_UNUSED_FUNCTION = YES;
				GCC_WARN_UNUSED_VARIABLE = YES;
				IPHONEOS_DEPLOYMENT_TARGET = 9.3;
				MTL_ENABLE_DEBUG_INFO = NO;
				SDKROOT = iphoneos;
				TARGETED_DEVICE_FAMILY = 2;
				VALIDATE_PRODUCT = YES;
			};
			name = Release;
		};
		B5F837851DB629B600E8DB72 /* Debug */ = {
			isa = XCBuildConfiguration;
			buildSettings = {
				ASSETCATALOG_COMPILER_APPICON_NAME = AppIcon;
				INFOPLIST_FILE = "iPad点餐demo/Info.plist";
				LD_RUNPATH_SEARCH_PATHS = "$(inherited) @executable_path/Frameworks";
				PRODUCT_BUNDLE_IDENTIFIER = "com.gooou.iPad--demo";
				PRODUCT_NAME = "$(TARGET_NAME)";
			};
			name = Debug;
		};
		B5F837861DB629B600E8DB72 /* Release */ = {
			isa = XCBuildConfiguration;
			buildSettings = {
				ASSETCATALOG_COMPILER_APPICON_NAME = AppIcon;
				INFOPLIST_FILE = "iPad点餐demo/Info.plist";
				LD_RUNPATH_SEARCH_PATHS = "$(inherited) @executable_path/Frameworks";
				PRODUCT_BUNDLE_IDENTIFIER = "com.gooou.iPad--demo";
				PRODUCT_NAME = "$(TARGET_NAME)";
			};
			name = Release;
		};
		B5F837881DB629B600E8DB72 /* Debug */ = {
			isa = XCBuildConfiguration;
			buildSettings = {
				BUNDLE_LOADER = "$(TEST_HOST)";
				INFOPLIST_FILE = "iPad点餐demoTests/Info.plist";
				LD_RUNPATH_SEARCH_PATHS = "$(inherited) @executable_path/Frameworks @loader_path/Frameworks";
				PRODUCT_BUNDLE_IDENTIFIER = "com.gooou.iPad--demoTests";
				PRODUCT_NAME = "$(TARGET_NAME)";
				TEST_HOST = "$(BUILT_PRODUCTS_DIR)/iPad点餐demo.app/iPad点餐demo";
			};
			name = Debug;
		};
		B5F837891DB629B600E8DB72 /* Release */ = {
			isa = XCBuildConfiguration;
			buildSettings = {
				BUNDLE_LOADER = "$(TEST_HOST)";
				INFOPLIST_FILE = "iPad点餐demoTests/Info.plist";
				LD_RUNPATH_SEARCH_PATHS = "$(inherited) @executable_path/Frameworks @loader_path/Frameworks";
				PRODUCT_BUNDLE_IDENTIFIER = "com.gooou.iPad--demoTests";
				PRODUCT_NAME = "$(TARGET_NAME)";
				TEST_HOST = "$(BUILT_PRODUCTS_DIR)/iPad点餐demo.app/iPad点餐demo";
			};
			name = Release;
		};
		B5F8378B1DB629B600E8DB72 /* Debug */ = {
			isa = XCBuildConfiguration;
			buildSettings = {
				INFOPLIST_FILE = "iPad点餐demoUITests/Info.plist";
				LD_RUNPATH_SEARCH_PATHS = "$(inherited) @executable_path/Frameworks @loader_path/Frameworks";
				PRODUCT_BUNDLE_IDENTIFIER = "com.gooou.iPad--demoUITests";
				PRODUCT_NAME = "$(TARGET_NAME)";
				TEST_TARGET_NAME = "iPad点餐demo";
			};
			name = Debug;
		};
		B5F8378C1DB629B600E8DB72 /* Release */ = {
			isa = XCBuildConfiguration;
			buildSettings = {
				INFOPLIST_FILE = "iPad点餐demoUITests/Info.plist";
				LD_RUNPATH_SEARCH_PATHS = "$(inherited) @executable_path/Frameworks @loader_path/Frameworks";
				PRODUCT_BUNDLE_IDENTIFIER = "com.gooou.iPad--demoUITests";
				PRODUCT_NAME = "$(TARGET_NAME)";
				TEST_TARGET_NAME = "iPad点餐demo";
			};
			name = Release;
		};
/* End XCBuildConfiguration section */

/* Begin XCConfigurationList section */
		B5F8374F1DB629B400E8DB72 /* Build configuration list for PBXProject "iPad点餐demo" */ = {
			isa = XCConfigurationList;
			buildConfigurations = (
				B5F837821DB629B600E8DB72 /* Debug */,
				B5F837831DB629B600E8DB72 /* Release */,
			);
			defaultConfigurationIsVisible = 0;
			defaultConfigurationName = Release;
		};
		B5F837841DB629B600E8DB72 /* Build configuration list for PBXNativeTarget "iPad点餐demo" */ = {
			isa = XCConfigurationList;
			buildConfigurations = (
				B5F837851DB629B600E8DB72 /* Debug */,
				B5F837861DB629B600E8DB72 /* Release */,
			);
			defaultConfigurationIsVisible = 0;
		};
		B5F837871DB629B600E8DB72 /* Build configuration list for PBXNativeTarget "iPad点餐demoTests" */ = {
			isa = XCConfigurationList;
			buildConfigurations = (
				B5F837881DB629B600E8DB72 /* Debug */,
				B5F837891DB629B600E8DB72 /* Release */,
			);
			defaultConfigurationIsVisible = 0;
		};
		B5F8378A1DB629B600E8DB72 /* Build configuration list for PBXNativeTarget "iPad点餐demoUITests" */ = {
			isa = XCConfigurationList;
			buildConfigurations = (
				B5F8378B1DB629B600E8DB72 /* Debug */,
				B5F8378C1DB629B600E8DB72 /* Release */,
			);
			defaultConfigurationIsVisible = 0;
		};
/* End XCConfigurationList section */

/* Begin XCVersionGroup section */
		B5F837631DB629B500E8DB72 /* iPad__demo.xcdatamodeld */ = {
			isa = XCVersionGroup;
			children = (
				B5F837641DB629B500E8DB72 /* iPad__demo.xcdatamodel */,
			);
			currentVersion = B5F837641DB629B500E8DB72 /* iPad__demo.xcdatamodel */;
			path = iPad__demo.xcdatamodeld;
			sourceTree = "<group>";
			versionGroupType = wrapper.xcdatamodel;
		};
/* End XCVersionGroup section */
	};
	rootObject = B5F8374C1DB629B400E8DB72 /* Project object */;
}
